<?xml version="1.0" encoding="utf-8"?>
<Project ToolsVersion="4.0" xmlns="http://schemas.microsoft.com/developer/msbuild/2003">
  <ItemGroup>
    <Filter Include="include">
      <UniqueIdentifier>{89AF369E-F58E-B539-FEA6-40106A051C9B}</UniqueIdentifier>
    </Filter>
    <Filter Include="include\GLFW">
      <UniqueIdentifier>{6888C969-54EB-580E-FD70-91C4E9B22491}</UniqueIdentifier>
    </Filter>
    <Filter Include="source">
      <UniqueIdentifier>{76FF3A1C-62A1-65F2-4B5C-7946379DEC42}</UniqueIdentifier>
    </Filter>
  </ItemGroup>
  <ItemGroup>
    <ClInclude Include="include\GLFW\glfw3.h">
      <Filter>include\GLFW</Filter>
    </ClInclude>
    <ClInclude Include="include\GLFW\glfw3native.h">
      <Filter>include\GLFW</Filter>
    </ClInclude>
    <ClInclude Include="include\egl_context.h">
      <Filter>include</Filter>
    </ClInclude>
    <ClInclude Include="include\glfw_config.h">
      <Filter>include</Filter>
    </ClInclude>
    <ClInclude Include="include\internal.h">
      <Filter>include</Filter>
    </ClInclude>
    <ClInclude Include="include\wgl_context.h">
      <Filter>include</Filter>
    </ClInclude>
    <ClInclude Include="include\win32_joystick.h">
      <Filter>include</Filter>
    </ClInclude>
    <ClInclude Include="include\win32_platform.h">
      <Filter>include</Filter>
    </ClInclude>
  </ItemGroup>
  <ItemGroup>
    <ClCompile Include="source\context.c">
      <Filter>source</Filter>
    </ClCompile>
    <ClCompile Include="source\egl_context.c">
      <Filter>source</Filter>
    </ClCompile>
    <ClCompile Include="source\init.c">
      <Filter>source</Filter>
    </ClCompile>
    <ClCompile Include="source\input.c">
      <Filter>source</Filter>
    </ClCompile>
    <ClCompile Include="source\monitor.c">
      <Filter>source</Filter>
    </ClCompile>
    <ClCompile Include="source\vulkan.c">
      <Filter>source</Filter>
    </ClCompile>
    <ClCompile Include="source\wgl_context.c">
      <Filter>source</Filter>
    </ClCompile>
    <ClCompile Include="source\win32_init.c">
      <Filter>source</Filter>
    </ClCompile>
    <ClCompile Include="source\win32_joystick.c">
      <Filter>source</Filter>
    </ClCompile>
    <ClCompile Include="source\win32_monitor.c">
      <Filter>source</Filter>
    </ClCompile>
    <ClCompile Include="source\win32_time.c">
      <Filter>source</Filter>
    </ClCompile>
    <ClCompile Include="source\win32_tls.c">
      <Filter>source</Filter>
    </ClCompile>
    <ClCompile Include="source\win32_window.c">
      <Filter>source</Filter>
    </ClCompile>
    <ClCompile Include="source\window.c">
      <Filter>source</Filter>
    </ClCompile>
  </ItemGroup>
  <ItemGroup>
    <None Include="build.lua" />
  </ItemGroup>
</Project>