<?xml version="1.0" encoding="utf-8"?>
<Project ToolsVersion="4.0" xmlns="http://schemas.microsoft.com/developer/msbuild/2003">
  <ItemGroup>
    <Filter Include="detail">
      <UniqueIdentifier>{18D587F8-0477-B2CE-ED31-C622D972391F}</UniqueIdentifier>
    </Filter>
    <Filter Include="ext">
      <UniqueIdentifier>{7670880B-E279-887C-6BF5-9E7CD7FD937C}</UniqueIdentifier>
    </Filter>
    <Filter Include="gtc">
      <UniqueIdentifier>{6378880B-CF81-887C-58FD-9E7CC405947C}</UniqueIdentifier>
    </Filter>
    <Filter Include="gtx">
      <UniqueIdentifier>{7878880B-E481-887C-6DFD-9E7CD905947C}</UniqueIdentifier>
    </Filter>
    <Filter Include="out">
      <UniqueIdentifier>{9D9A880B-09A4-887C-921F-9F7CFE27947C}</UniqueIdentifier>
    </Filter>
    <Filter Include="out\build">
      <UniqueIdentifier>{9C285DC4-0893-113B-51D1-C2E0BD7AEF8F}</UniqueIdentifier>
    </Filter>
    <Filter Include="out\build\x64-Debug">
      <UniqueIdentifier>{01316A9C-6D92-47AA-F6FF-8D5C62607E69}</UniqueIdentifier>
    </Filter>
    <Filter Include="out\build\x64-Debug\CMakeFiles">
      <UniqueIdentifier>{A46384C2-9089-4E29-79CF-D3F4659473F5}</UniqueIdentifier>
    </Filter>
    <Filter Include="out\build\x64-Debug\CMakeFiles\3.20.21032501-MSVC_2">
      <UniqueIdentifier>{E9EBD634-55FD-7EDB-DE4E-111B4A5F0815}</UniqueIdentifier>
    </Filter>
    <Filter Include="out\build\x64-Debug\CMakeFiles\3.20.21032501-MSVC_2\CompilerIdC">
      <UniqueIdentifier>{435452D1-AFE7-B37F-B8CE-233624E14A47}</UniqueIdentifier>
    </Filter>
    <Filter Include="out\build\x64-Debug\CMakeFiles\3.20.21032501-MSVC_2\CompilerIdCXX">
      <UniqueIdentifier>{B37C386F-1F9B-4C3C-6868-524ED4C58745}</UniqueIdentifier>
    </Filter>
    <Filter Include="out\build\x64-Debug\CMakeFiles\ShowIncludes">
      <UniqueIdentifier>{6B05026B-D76A-95F1-6043-37CACCA78A60}</UniqueIdentifier>
    </Filter>
    <Filter Include="simd">
      <UniqueIdentifier>{32EC9D7C-1E23-9F0D-C70F-8510B3251B0F}</UniqueIdentifier>
    </Filter>
  </ItemGroup>
  <ItemGroup>
    <ClInclude Include="common.hpp" />
    <ClInclude Include="detail\_features.hpp">
      <Filter>detail</Filter>
    </ClInclude>
    <ClInclude Include="detail\_fixes.hpp">
      <Filter>detail</Filter>
    </ClInclude>
    <ClInclude Include="detail\_noise.hpp">
      <Filter>detail</Filter>
    </ClInclude>
    <ClInclude Include="detail\_swizzle.hpp">
      <Filter>detail</Filter>
    </ClInclude>
    <ClInclude Include="detail\_swizzle_func.hpp">
      <Filter>detail</Filter>
    </ClInclude>
    <ClInclude Include="detail\_vectorize.hpp">
      <Filter>detail</Filter>
    </ClInclude>
    <ClInclude Include="detail\compute_common.hpp">
      <Filter>detail</Filter>
    </ClInclude>
    <ClInclude Include="detail\compute_vector_relational.hpp">
      <Filter>detail</Filter>
    </ClInclude>
    <ClInclude Include="detail\qualifier.hpp">
      <Filter>detail</Filter>
    </ClInclude>
    <ClInclude Include="detail\setup.hpp">
      <Filter>detail</Filter>
    </ClInclude>
    <ClInclude Include="detail\type_float.hpp">
      <Filter>detail</Filter>
    </ClInclude>
    <ClInclude Include="detail\type_half.hpp">
      <Filter>detail</Filter>
    </ClInclude>
    <ClInclude Include="detail\type_mat2x2.hpp">
      <Filter>detail</Filter>
    </ClInclude>
    <ClInclude Include="detail\type_mat2x3.hpp">
      <Filter>detail</Filter>
    </ClInclude>
    <ClInclude Include="detail\type_mat2x4.hpp">
      <Filter>detail</Filter>
    </ClInclude>
    <ClInclude Include="detail\type_mat3x2.hpp">
      <Filter>detail</Filter>
    </ClInclude>
    <ClInclude Include="detail\type_mat3x3.hpp">
      <Filter>detail</Filter>
    </ClInclude>
    <ClInclude Include="detail\type_mat3x4.hpp">
      <Filter>detail</Filter>
    </ClInclude>
    <ClInclude Include="detail\type_mat4x2.hpp">
      <Filter>detail</Filter>
    </ClInclude>
    <ClInclude Include="detail\type_mat4x3.hpp">
      <Filter>detail</Filter>
    </ClInclude>
    <ClInclude Include="detail\type_mat4x4.hpp">
      <Filter>detail</Filter>
    </ClInclude>
    <ClInclude Include="detail\type_quat.hpp">
      <Filter>detail</Filter>
    </ClInclude>
    <ClInclude Include="detail\type_vec1.hpp">
      <Filter>detail</Filter>
    </ClInclude>
    <ClInclude Include="detail\type_vec2.hpp">
      <Filter>detail</Filter>
    </ClInclude>
    <ClInclude Include="detail\type_vec3.hpp">
      <Filter>detail</Filter>
    </ClInclude>
    <ClInclude Include="detail\type_vec4.hpp">
      <Filter>detail</Filter>
    </ClInclude>
    <ClInclude Include="exponential.hpp" />
    <ClInclude Include="ext.hpp" />
    <ClInclude Include="ext\_matrix_vectorize.hpp">
      <Filter>ext</Filter>
    </ClInclude>
    <ClInclude Include="ext\matrix_clip_space.hpp">
      <Filter>ext</Filter>
    </ClInclude>
    <ClInclude Include="ext\matrix_common.hpp">
      <Filter>ext</Filter>
    </ClInclude>
    <ClInclude Include="ext\matrix_double2x2.hpp">
      <Filter>ext</Filter>
    </ClInclude>
    <ClInclude Include="ext\matrix_double2x2_precision.hpp">
      <Filter>ext</Filter>
    </ClInclude>
    <ClInclude Include="ext\matrix_double2x3.hpp">
      <Filter>ext</Filter>
    </ClInclude>
    <ClInclude Include="ext\matrix_double2x3_precision.hpp">
      <Filter>ext</Filter>
    </ClInclude>
    <ClInclude Include="ext\matrix_double2x4.hpp">
      <Filter>ext</Filter>
    </ClInclude>
    <ClInclude Include="ext\matrix_double2x4_precision.hpp">
      <Filter>ext</Filter>
    </ClInclude>
    <ClInclude Include="ext\matrix_double3x2.hpp">
      <Filter>ext</Filter>
    </ClInclude>
    <ClInclude Include="ext\matrix_double3x2_precision.hpp">
      <Filter>ext</Filter>
    </ClInclude>
    <ClInclude Include="ext\matrix_double3x3.hpp">
      <Filter>ext</Filter>
    </ClInclude>
    <ClInclude Include="ext\matrix_double3x3_precision.hpp">
      <Filter>ext</Filter>
    </ClInclude>
    <ClInclude Include="ext\matrix_double3x4.hpp">
      <Filter>ext</Filter>
    </ClInclude>
    <ClInclude Include="ext\matrix_double3x4_precision.hpp">
      <Filter>ext</Filter>
    </ClInclude>
    <ClInclude Include="ext\matrix_double4x2.hpp">
      <Filter>ext</Filter>
    </ClInclude>
    <ClInclude Include="ext\matrix_double4x2_precision.hpp">
      <Filter>ext</Filter>
    </ClInclude>
    <ClInclude Include="ext\matrix_double4x3.hpp">
      <Filter>ext</Filter>
    </ClInclude>
    <ClInclude Include="ext\matrix_double4x3_precision.hpp">
      <Filter>ext</Filter>
    </ClInclude>
    <ClInclude Include="ext\matrix_double4x4.hpp">
      <Filter>ext</Filter>
    </ClInclude>
    <ClInclude Include="ext\matrix_double4x4_precision.hpp">
      <Filter>ext</Filter>
    </ClInclude>
    <ClInclude Include="ext\matrix_float2x2.hpp">
      <Filter>ext</Filter>
    </ClInclude>
    <ClInclude Include="ext\matrix_float2x2_precision.hpp">
      <Filter>ext</Filter>
    </ClInclude>
    <ClInclude Include="ext\matrix_float2x3.hpp">
      <Filter>ext</Filter>
    </ClInclude>
    <ClInclude Include="ext\matrix_float2x3_precision.hpp">
      <Filter>ext</Filter>
    </ClInclude>
    <ClInclude Include="ext\matrix_float2x4.hpp">
      <Filter>ext</Filter>
    </ClInclude>
    <ClInclude Include="ext\matrix_float2x4_precision.hpp">
      <Filter>ext</Filter>
    </ClInclude>
    <ClInclude Include="ext\matrix_float3x2.hpp">
      <Filter>ext</Filter>
    </ClInclude>
    <ClInclude Include="ext\matrix_float3x2_precision.hpp">
      <Filter>ext</Filter>
    </ClInclude>
    <ClInclude Include="ext\matrix_float3x3.hpp">
      <Filter>ext</Filter>
    </ClInclude>
    <ClInclude Include="ext\matrix_float3x3_precision.hpp">
      <Filter>ext</Filter>
    </ClInclude>
    <ClInclude Include="ext\matrix_float3x4.hpp">
      <Filter>ext</Filter>
    </ClInclude>
    <ClInclude Include="ext\matrix_float3x4_precision.hpp">
      <Filter>ext</Filter>
    </ClInclude>
    <ClInclude Include="ext\matrix_float4x2.hpp">
      <Filter>ext</Filter>
    </ClInclude>
    <ClInclude Include="ext\matrix_float4x2_precision.hpp">
      <Filter>ext</Filter>
    </ClInclude>
    <ClInclude Include="ext\matrix_float4x3.hpp">
      <Filter>ext</Filter>
    </ClInclude>
    <ClInclude Include="ext\matrix_float4x3_precision.hpp">
      <Filter>ext</Filter>
    </ClInclude>
    <ClInclude Include="ext\matrix_float4x4.hpp">
      <Filter>ext</Filter>
    </ClInclude>
    <ClInclude Include="ext\matrix_float4x4_precision.hpp">
      <Filter>ext</Filter>
    </ClInclude>
    <ClInclude Include="ext\matrix_int2x2.hpp">
      <Filter>ext</Filter>
    </ClInclude>
    <ClInclude Include="ext\matrix_int2x2_sized.hpp">
      <Filter>ext</Filter>
    </ClInclude>
    <ClInclude Include="ext\matrix_int2x3.hpp">
      <Filter>ext</Filter>
    </ClInclude>
    <ClInclude Include="ext\matrix_int2x3_sized.hpp">
      <Filter>ext</Filter>
    </ClInclude>
    <ClInclude Include="ext\matrix_int2x4.hpp">
      <Filter>ext</Filter>
    </ClInclude>
    <ClInclude Include="ext\matrix_int2x4_sized.hpp">
      <Filter>ext</Filter>
    </ClInclude>
    <ClInclude Include="ext\matrix_int3x2.hpp">
      <Filter>ext</Filter>
    </ClInclude>
    <ClInclude Include="ext\matrix_int3x2_sized.hpp">
      <Filter>ext</Filter>
    </ClInclude>
    <ClInclude Include="ext\matrix_int3x3.hpp">
      <Filter>ext</Filter>
    </ClInclude>
    <ClInclude Include="ext\matrix_int3x3_sized.hpp">
      <Filter>ext</Filter>
    </ClInclude>
    <ClInclude Include="ext\matrix_int3x4.hpp">
      <Filter>ext</Filter>
    </ClInclude>
    <ClInclude Include="ext\matrix_int3x4_sized.hpp">
      <Filter>ext</Filter>
    </ClInclude>
    <ClInclude Include="ext\matrix_int4x2.hpp">
      <Filter>ext</Filter>
    </ClInclude>
    <ClInclude Include="ext\matrix_int4x2_sized.hpp">
      <Filter>ext</Filter>
    </ClInclude>
    <ClInclude Include="ext\matrix_int4x3.hpp">
      <Filter>ext</Filter>
    </ClInclude>
    <ClInclude Include="ext\matrix_int4x3_sized.hpp">
      <Filter>ext</Filter>
    </ClInclude>
    <ClInclude Include="ext\matrix_int4x4.hpp">
      <Filter>ext</Filter>
    </ClInclude>
    <ClInclude Include="ext\matrix_int4x4_sized.hpp">
      <Filter>ext</Filter>
    </ClInclude>
    <ClInclude Include="ext\matrix_integer.hpp">
      <Filter>ext</Filter>
    </ClInclude>
    <ClInclude Include="ext\matrix_projection.hpp">
      <Filter>ext</Filter>
    </ClInclude>
    <ClInclude Include="ext\matrix_relational.hpp">
      <Filter>ext</Filter>
    </ClInclude>
    <ClInclude Include="ext\matrix_transform.hpp">
      <Filter>ext</Filter>
    </ClInclude>
    <ClInclude Include="ext\matrix_uint2x2.hpp">
      <Filter>ext</Filter>
    </ClInclude>
    <ClInclude Include="ext\matrix_uint2x2_sized.hpp">
      <Filter>ext</Filter>
    </ClInclude>
    <ClInclude Include="ext\matrix_uint2x3.hpp">
      <Filter>ext</Filter>
    </ClInclude>
    <ClInclude Include="ext\matrix_uint2x3_sized.hpp">
      <Filter>ext</Filter>
    </ClInclude>
    <ClInclude Include="ext\matrix_uint2x4.hpp">
      <Filter>ext</Filter>
    </ClInclude>
    <ClInclude Include="ext\matrix_uint2x4_sized.hpp">
      <Filter>ext</Filter>
    </ClInclude>
    <ClInclude Include="ext\matrix_uint3x2.hpp">
      <Filter>ext</Filter>
    </ClInclude>
    <ClInclude Include="ext\matrix_uint3x2_sized.hpp">
      <Filter>ext</Filter>
    </ClInclude>
    <ClInclude Include="ext\matrix_uint3x3.hpp">
      <Filter>ext</Filter>
    </ClInclude>
    <ClInclude Include="ext\matrix_uint3x3_sized.hpp">
      <Filter>ext</Filter>
    </ClInclude>
    <ClInclude Include="ext\matrix_uint3x4.hpp">
      <Filter>ext</Filter>
    </ClInclude>
    <ClInclude Include="ext\matrix_uint3x4_sized.hpp">
      <Filter>ext</Filter>
    </ClInclude>
    <ClInclude Include="ext\matrix_uint4x2.hpp">
      <Filter>ext</Filter>
    </ClInclude>
    <ClInclude Include="ext\matrix_uint4x2_sized.hpp">
      <Filter>ext</Filter>
    </ClInclude>
    <ClInclude Include="ext\matrix_uint4x3.hpp">
      <Filter>ext</Filter>
    </ClInclude>
    <ClInclude Include="ext\matrix_uint4x3_sized.hpp">
      <Filter>ext</Filter>
    </ClInclude>
    <ClInclude Include="ext\matrix_uint4x4.hpp">
      <Filter>ext</Filter>
    </ClInclude>
    <ClInclude Include="ext\matrix_uint4x4_sized.hpp">
      <Filter>ext</Filter>
    </ClInclude>
    <ClInclude Include="ext\quaternion_common.hpp">
      <Filter>ext</Filter>
    </ClInclude>
    <ClInclude Include="ext\quaternion_double.hpp">
      <Filter>ext</Filter>
    </ClInclude>
    <ClInclude Include="ext\quaternion_double_precision.hpp">
      <Filter>ext</Filter>
    </ClInclude>
    <ClInclude Include="ext\quaternion_exponential.hpp">
      <Filter>ext</Filter>
    </ClInclude>
    <ClInclude Include="ext\quaternion_float.hpp">
      <Filter>ext</Filter>
    </ClInclude>
    <ClInclude Include="ext\quaternion_float_precision.hpp">
      <Filter>ext</Filter>
    </ClInclude>
    <ClInclude Include="ext\quaternion_geometric.hpp">
      <Filter>ext</Filter>
    </ClInclude>
    <ClInclude Include="ext\quaternion_relational.hpp">
      <Filter>ext</Filter>
    </ClInclude>
    <ClInclude Include="ext\quaternion_transform.hpp">
      <Filter>ext</Filter>
    </ClInclude>
    <ClInclude Include="ext\quaternion_trigonometric.hpp">
      <Filter>ext</Filter>
    </ClInclude>
    <ClInclude Include="ext\scalar_common.hpp">
      <Filter>ext</Filter>
    </ClInclude>
    <ClInclude Include="ext\scalar_constants.hpp">
      <Filter>ext</Filter>
    </ClInclude>
    <ClInclude Include="ext\scalar_int_sized.hpp">
      <Filter>ext</Filter>
    </ClInclude>
    <ClInclude Include="ext\scalar_integer.hpp">
      <Filter>ext</Filter>
    </ClInclude>
    <ClInclude Include="ext\scalar_packing.hpp">
      <Filter>ext</Filter>
    </ClInclude>
    <ClInclude Include="ext\scalar_reciprocal.hpp">
      <Filter>ext</Filter>
    </ClInclude>
    <ClInclude Include="ext\scalar_relational.hpp">
      <Filter>ext</Filter>
    </ClInclude>
    <ClInclude Include="ext\scalar_uint_sized.hpp">
      <Filter>ext</Filter>
    </ClInclude>
    <ClInclude Include="ext\scalar_ulp.hpp">
      <Filter>ext</Filter>
    </ClInclude>
    <ClInclude Include="ext\vector_bool1.hpp">
      <Filter>ext</Filter>
    </ClInclude>
    <ClInclude Include="ext\vector_bool1_precision.hpp">
      <Filter>ext</Filter>
    </ClInclude>
    <ClInclude Include="ext\vector_bool2.hpp">
      <Filter>ext</Filter>
    </ClInclude>
    <ClInclude Include="ext\vector_bool2_precision.hpp">
      <Filter>ext</Filter>
    </ClInclude>
    <ClInclude Include="ext\vector_bool3.hpp">
      <Filter>ext</Filter>
    </ClInclude>
    <ClInclude Include="ext\vector_bool3_precision.hpp">
      <Filter>ext</Filter>
    </ClInclude>
    <ClInclude Include="ext\vector_bool4.hpp">
      <Filter>ext</Filter>
    </ClInclude>
    <ClInclude Include="ext\vector_bool4_precision.hpp">
      <Filter>ext</Filter>
    </ClInclude>
    <ClInclude Include="ext\vector_common.hpp">
      <Filter>ext</Filter>
    </ClInclude>
    <ClInclude Include="ext\vector_double1.hpp">
      <Filter>ext</Filter>
    </ClInclude>
    <ClInclude Include="ext\vector_double1_precision.hpp">
      <Filter>ext</Filter>
    </ClInclude>
    <ClInclude Include="ext\vector_double2.hpp">
      <Filter>ext</Filter>
    </ClInclude>
    <ClInclude Include="ext\vector_double2_precision.hpp">
      <Filter>ext</Filter>
    </ClInclude>
    <ClInclude Include="ext\vector_double3.hpp">
      <Filter>ext</Filter>
    </ClInclude>
    <ClInclude Include="ext\vector_double3_precision.hpp">
      <Filter>ext</Filter>
    </ClInclude>
    <ClInclude Include="ext\vector_double4.hpp">
      <Filter>ext</Filter>
    </ClInclude>
    <ClInclude Include="ext\vector_double4_precision.hpp">
      <Filter>ext</Filter>
    </ClInclude>
    <ClInclude Include="ext\vector_float1.hpp">
      <Filter>ext</Filter>
    </ClInclude>
    <ClInclude Include="ext\vector_float1_precision.hpp">
      <Filter>ext</Filter>
    </ClInclude>
    <ClInclude Include="ext\vector_float2.hpp">
      <Filter>ext</Filter>
    </ClInclude>
    <ClInclude Include="ext\vector_float2_precision.hpp">
      <Filter>ext</Filter>
    </ClInclude>
    <ClInclude Include="ext\vector_float3.hpp">
      <Filter>ext</Filter>
    </ClInclude>
    <ClInclude Include="ext\vector_float3_precision.hpp">
      <Filter>ext</Filter>
    </ClInclude>
    <ClInclude Include="ext\vector_float4.hpp">
      <Filter>ext</Filter>
    </ClInclude>
    <ClInclude Include="ext\vector_float4_precision.hpp">
      <Filter>ext</Filter>
    </ClInclude>
    <ClInclude Include="ext\vector_int1.hpp">
      <Filter>ext</Filter>
    </ClInclude>
    <ClInclude Include="ext\vector_int1_sized.hpp">
      <Filter>ext</Filter>
    </ClInclude>
    <ClInclude Include="ext\vector_int2.hpp">
      <Filter>ext</Filter>
    </ClInclude>
    <ClInclude Include="ext\vector_int2_sized.hpp">
      <Filter>ext</Filter>
    </ClInclude>
    <ClInclude Include="ext\vector_int3.hpp">
      <Filter>ext</Filter>
    </ClInclude>
    <ClInclude Include="ext\vector_int3_sized.hpp">
      <Filter>ext</Filter>
    </ClInclude>
    <ClInclude Include="ext\vector_int4.hpp">
      <Filter>ext</Filter>
    </ClInclude>
    <ClInclude Include="ext\vector_int4_sized.hpp">
      <Filter>ext</Filter>
    </ClInclude>
    <ClInclude Include="ext\vector_integer.hpp">
      <Filter>ext</Filter>
    </ClInclude>
    <ClInclude Include="ext\vector_packing.hpp">
      <Filter>ext</Filter>
    </ClInclude>
    <ClInclude Include="ext\vector_reciprocal.hpp">
      <Filter>ext</Filter>
    </ClInclude>
    <ClInclude Include="ext\vector_relational.hpp">
      <Filter>ext</Filter>
    </ClInclude>
    <ClInclude Include="ext\vector_uint1.hpp">
      <Filter>ext</Filter>
    </ClInclude>
    <ClInclude Include="ext\vector_uint1_sized.hpp">
      <Filter>ext</Filter>
    </ClInclude>
    <ClInclude Include="ext\vector_uint2.hpp">
      <Filter>ext</Filter>
    </ClInclude>
    <ClInclude Include="ext\vector_uint2_sized.hpp">
      <Filter>ext</Filter>
    </ClInclude>
    <ClInclude Include="ext\vector_uint3.hpp">
      <Filter>ext</Filter>
    </ClInclude>
    <ClInclude Include="ext\vector_uint3_sized.hpp">
      <Filter>ext</Filter>
    </ClInclude>
    <ClInclude Include="ext\vector_uint4.hpp">
      <Filter>ext</Filter>
    </ClInclude>
    <ClInclude Include="ext\vector_uint4_sized.hpp">
      <Filter>ext</Filter>
    </ClInclude>
    <ClInclude Include="ext\vector_ulp.hpp">
      <Filter>ext</Filter>
    </ClInclude>
    <ClInclude Include="fwd.hpp" />
    <ClInclude Include="geometric.hpp" />
    <ClInclude Include="glm.hpp" />
    <ClInclude Include="gtc\bitfield.hpp">
      <Filter>gtc</Filter>
    </ClInclude>
    <ClInclude Include="gtc\color_space.hpp">
      <Filter>gtc</Filter>
    </ClInclude>
    <ClInclude Include="gtc\constants.hpp">
      <Filter>gtc</Filter>
    </ClInclude>
    <ClInclude Include="gtc\epsilon.hpp">
      <Filter>gtc</Filter>
    </ClInclude>
    <ClInclude Include="gtc\integer.hpp">
      <Filter>gtc</Filter>
    </ClInclude>
    <ClInclude Include="gtc\matrix_access.hpp">
      <Filter>gtc</Filter>
    </ClInclude>
    <ClInclude Include="gtc\matrix_integer.hpp">
      <Filter>gtc</Filter>
    </ClInclude>
    <ClInclude Include="gtc\matrix_inverse.hpp">
      <Filter>gtc</Filter>
    </ClInclude>
    <ClInclude Include="gtc\matrix_transform.hpp">
      <Filter>gtc</Filter>
    </ClInclude>
    <ClInclude Include="gtc\noise.hpp">
      <Filter>gtc</Filter>
    </ClInclude>
    <ClInclude Include="gtc\packing.hpp">
      <Filter>gtc</Filter>
    </ClInclude>
    <ClInclude Include="gtc\quaternion.hpp">
      <Filter>gtc</Filter>
    </ClInclude>
    <ClInclude Include="gtc\random.hpp">
      <Filter>gtc</Filter>
    </ClInclude>
    <ClInclude Include="gtc\reciprocal.hpp">
      <Filter>gtc</Filter>
    </ClInclude>
    <ClInclude Include="gtc\round.hpp">
      <Filter>gtc</Filter>
    </ClInclude>
    <ClInclude Include="gtc\type_aligned.hpp">
      <Filter>gtc</Filter>
    </ClInclude>
    <ClInclude Include="gtc\type_precision.hpp">
      <Filter>gtc</Filter>
    </ClInclude>
    <ClInclude Include="gtc\type_ptr.hpp">
      <Filter>gtc</Filter>
    </ClInclude>
    <ClInclude Include="gtc\ulp.hpp">
      <Filter>gtc</Filter>
    </ClInclude>
    <ClInclude Include="gtc\vec1.hpp">
      <Filter>gtc</Filter>
    </ClInclude>
    <ClInclude Include="gtx\associated_min_max.hpp">
      <Filter>gtx</Filter>
    </ClInclude>
    <ClInclude Include="gtx\bit.hpp">
      <Filter>gtx</Filter>
    </ClInclude>
    <ClInclude Include="gtx\closest_point.hpp">
      <Filter>gtx</Filter>
    </ClInclude>
    <ClInclude Include="gtx\color_encoding.hpp">
      <Filter>gtx</Filter>
    </ClInclude>
    <ClInclude Include="gtx\color_space.hpp">
      <Filter>gtx</Filter>
    </ClInclude>
    <ClInclude Include="gtx\color_space_YCoCg.hpp">
      <Filter>gtx</Filter>
    </ClInclude>
    <ClInclude Include="gtx\common.hpp">
      <Filter>gtx</Filter>
    </ClInclude>
    <ClInclude Include="gtx\compatibility.hpp">
      <Filter>gtx</Filter>
    </ClInclude>
    <ClInclude Include="gtx\component_wise.hpp">
      <Filter>gtx</Filter>
    </ClInclude>
    <ClInclude Include="gtx\dual_quaternion.hpp">
      <Filter>gtx</Filter>
    </ClInclude>
    <ClInclude Include="gtx\easing.hpp">
      <Filter>gtx</Filter>
    </ClInclude>
    <ClInclude Include="gtx\euler_angles.hpp">
      <Filter>gtx</Filter>
    </ClInclude>
    <ClInclude Include="gtx\extend.hpp">
      <Filter>gtx</Filter>
    </ClInclude>
    <ClInclude Include="gtx\extended_min_max.hpp">
      <Filter>gtx</Filter>
    </ClInclude>
    <ClInclude Include="gtx\exterior_product.hpp">
      <Filter>gtx</Filter>
    </ClInclude>
    <ClInclude Include="gtx\fast_exponential.hpp">
      <Filter>gtx</Filter>
    </ClInclude>
    <ClInclude Include="gtx\fast_square_root.hpp">
      <Filter>gtx</Filter>
    </ClInclude>
    <ClInclude Include="gtx\fast_trigonometry.hpp">
      <Filter>gtx</Filter>
    </ClInclude>
    <ClInclude Include="gtx\functions.hpp">
      <Filter>gtx</Filter>
    </ClInclude>
    <ClInclude Include="gtx\gradient_paint.hpp">
      <Filter>gtx</Filter>
    </ClInclude>
    <ClInclude Include="gtx\handed_coordinate_space.hpp">
      <Filter>gtx</Filter>
    </ClInclude>
    <ClInclude Include="gtx\hash.hpp">
      <Filter>gtx</Filter>
    </ClInclude>
    <ClInclude Include="gtx\integer.hpp">
      <Filter>gtx</Filter>
    </ClInclude>
    <ClInclude Include="gtx\intersect.hpp">
      <Filter>gtx</Filter>
    </ClInclude>
    <ClInclude Include="gtx\io.hpp">
      <Filter>gtx</Filter>
    </ClInclude>
    <ClInclude Include="gtx\log_base.hpp">
      <Filter>gtx</Filter>
    </ClInclude>
    <ClInclude Include="gtx\matrix_cross_product.hpp">
      <Filter>gtx</Filter>
    </ClInclude>
    <ClInclude Include="gtx\matrix_decompose.hpp">
      <Filter>gtx</Filter>
    </ClInclude>
    <ClInclude Include="gtx\matrix_factorisation.hpp">
      <Filter>gtx</Filter>
    </ClInclude>
    <ClInclude Include="gtx\matrix_interpolation.hpp">
      <Filter>gtx</Filter>
    </ClInclude>
    <ClInclude Include="gtx\matrix_major_storage.hpp">
      <Filter>gtx</Filter>
    </ClInclude>
    <ClInclude Include="gtx\matrix_operation.hpp">
      <Filter>gtx</Filter>
    </ClInclude>
    <ClInclude Include="gtx\matrix_query.hpp">
      <Filter>gtx</Filter>
    </ClInclude>
    <ClInclude Include="gtx\matrix_transform_2d.hpp">
      <Filter>gtx</Filter>
    </ClInclude>
    <ClInclude Include="gtx\mixed_product.hpp">
      <Filter>gtx</Filter>
    </ClInclude>
    <ClInclude Include="gtx\norm.hpp">
      <Filter>gtx</Filter>
    </ClInclude>
    <ClInclude Include="gtx\normal.hpp">
      <Filter>gtx</Filter>
    </ClInclude>
    <ClInclude Include="gtx\normalize_dot.hpp">
      <Filter>gtx</Filter>
    </ClInclude>
    <ClInclude Include="gtx\number_precision.hpp">
      <Filter>gtx</Filter>
    </ClInclude>
    <ClInclude Include="gtx\optimum_pow.hpp">
      <Filter>gtx</Filter>
    </ClInclude>
    <ClInclude Include="gtx\orthonormalize.hpp">
      <Filter>gtx</Filter>
    </ClInclude>
    <ClInclude Include="gtx\pca.hpp">
      <Filter>gtx</Filter>
    </ClInclude>
    <ClInclude Include="gtx\perpendicular.hpp">
      <Filter>gtx</Filter>
    </ClInclude>
    <ClInclude Include="gtx\polar_coordinates.hpp">
      <Filter>gtx</Filter>
    </ClInclude>
    <ClInclude Include="gtx\projection.hpp">
      <Filter>gtx</Filter>
    </ClInclude>
    <ClInclude Include="gtx\quaternion.hpp">
      <Filter>gtx</Filter>
    </ClInclude>
    <ClInclude Include="gtx\range.hpp">
      <Filter>gtx</Filter>
    </ClInclude>
    <ClInclude Include="gtx\raw_data.hpp">
      <Filter>gtx</Filter>
    </ClInclude>
    <ClInclude Include="gtx\rotate_normalized_axis.hpp">
      <Filter>gtx</Filter>
    </ClInclude>
    <ClInclude Include="gtx\rotate_vector.hpp">
      <Filter>gtx</Filter>
    </ClInclude>
    <ClInclude Include="gtx\scalar_multiplication.hpp">
      <Filter>gtx</Filter>
    </ClInclude>
    <ClInclude Include="gtx\scalar_relational.hpp">
      <Filter>gtx</Filter>
    </ClInclude>
    <ClInclude Include="gtx\spline.hpp">
      <Filter>gtx</Filter>
    </ClInclude>
    <ClInclude Include="gtx\std_based_type.hpp">
      <Filter>gtx</Filter>
    </ClInclude>
    <ClInclude Include="gtx\string_cast.hpp">
      <Filter>gtx</Filter>
    </ClInclude>
    <ClInclude Include="gtx\texture.hpp">
      <Filter>gtx</Filter>
    </ClInclude>
    <ClInclude Include="gtx\transform.hpp">
      <Filter>gtx</Filter>
    </ClInclude>
    <ClInclude Include="gtx\transform2.hpp">
      <Filter>gtx</Filter>
    </ClInclude>
    <ClInclude Include="gtx\type_aligned.hpp">
      <Filter>gtx</Filter>
    </ClInclude>
    <ClInclude Include="gtx\type_trait.hpp">
      <Filter>gtx</Filter>
    </ClInclude>
    <ClInclude Include="gtx\vec_swizzle.hpp">
      <Filter>gtx</Filter>
    </ClInclude>
    <ClInclude Include="gtx\vector_angle.hpp">
      <Filter>gtx</Filter>
    </ClInclude>
    <ClInclude Include="gtx\vector_query.hpp">
      <Filter>gtx</Filter>
    </ClInclude>
    <ClInclude Include="gtx\wrap.hpp">
      <Filter>gtx</Filter>
    </ClInclude>
    <ClInclude Include="integer.hpp" />
    <ClInclude Include="mat2x2.hpp" />
    <ClInclude Include="mat2x3.hpp" />
    <ClInclude Include="mat2x4.hpp" />
    <ClInclude Include="mat3x2.hpp" />
    <ClInclude Include="mat3x3.hpp" />
    <ClInclude Include="mat3x4.hpp" />
    <ClInclude Include="mat4x2.hpp" />
    <ClInclude Include="mat4x3.hpp" />
    <ClInclude Include="mat4x4.hpp" />
    <ClInclude Include="matrix.hpp" />
    <ClInclude Include="out\build\x64-Debug\CMakeFiles\ShowIncludes\foo.h">
      <Filter>out\build\x64-Debug\CMakeFiles\ShowIncludes</Filter>
    </ClInclude>
    <ClInclude Include="packing.hpp" />
    <ClInclude Include="simd\common.h">
      <Filter>simd</Filter>
    </ClInclude>
    <ClInclude Include="simd\exponential.h">
      <Filter>simd</Filter>
    </ClInclude>
    <ClInclude Include="simd\geometric.h">
      <Filter>simd</Filter>
    </ClInclude>
    <ClInclude Include="simd\integer.h">
      <Filter>simd</Filter>
    </ClInclude>
    <ClInclude Include="simd\matrix.h">
      <Filter>simd</Filter>
    </ClInclude>
    <ClInclude Include="simd\neon.h">
      <Filter>simd</Filter>
    </ClInclude>
    <ClInclude Include="simd\packing.h">
      <Filter>simd</Filter>
    </ClInclude>
    <ClInclude Include="simd\platform.h">
      <Filter>simd</Filter>
    </ClInclude>
    <ClInclude Include="simd\trigonometric.h">
      <Filter>simd</Filter>
    </ClInclude>
    <ClInclude Include="simd\vector_relational.h">
      <Filter>simd</Filter>
    </ClInclude>
    <ClInclude Include="trigonometric.hpp" />
    <ClInclude Include="vec2.hpp" />
    <ClInclude Include="vec3.hpp" />
    <ClInclude Include="vec4.hpp" />
    <ClInclude Include="vector_relational.hpp" />
  </ItemGroup>
  <ItemGroup>
    <ClCompile Include="detail\glm.cpp">
      <Filter>detail</Filter>
    </ClCompile>
    <ClCompile Include="out\build\x64-Debug\CMakeFiles\3.20.21032501-MSVC_2\CompilerIdC\CMakeCCompilerId.c">
      <Filter>out\build\x64-Debug\CMakeFiles\3.20.21032501-MSVC_2\CompilerIdC</Filter>
    </ClCompile>
    <ClCompile Include="out\build\x64-Debug\CMakeFiles\3.20.21032501-MSVC_2\CompilerIdCXX\CMakeCXXCompilerId.cpp">
      <Filter>out\build\x64-Debug\CMakeFiles\3.20.21032501-MSVC_2\CompilerIdCXX</Filter>
    </ClCompile>
    <ClCompile Include="out\build\x64-Debug\CMakeFiles\ShowIncludes\main.c">
      <Filter>out\build\x64-Debug\CMakeFiles\ShowIncludes</Filter>
    </ClCompile>
  </ItemGroup>
  <ItemGroup>
    <None Include="CMakeLists.txt" />
    <None Include="build.lua" />
    <None Include="out\build\x64-Debug\CMakeCache.txt">
      <Filter>out\build\x64-Debug</Filter>
    </None>
    <None Include="out\build\x64-Debug\CMakeFiles\TargetDirectories.txt">
      <Filter>out\build\x64-Debug\CMakeFiles</Filter>
    </None>
    <None Include="out\build\x64-Debug\VSInheritEnvironments.txt">
      <Filter>out\build\x64-Debug</Filter>
    </None>
  </ItemGroup>
</Project>